
Microsoft Visual Studio Solution File, Format Version 12.00
# Visual Studio Version 16
VisualStudioVersion = 16.0.31313.79
MinimumVisualStudioVersion = 10.0.40219.1
Project("{FAE04EC0-301F-11D3-BF4B-00C04F79EFBC}") = "AdventOfCode", "AdventOfCode\AdventOfCode.csproj", "{8FA47586-1BF4-4FF8-B3FD-A1046707DBB4}"
EndProject
Global
	GlobalSection(SolutionConfigurationPlatforms) = preSolution
		Debug|Any CPU = Debug|Any CPU
		Release|Any CPU = Release|Any CPU
	EndGlobalSection
	GlobalSection(ProjectConfigurationPlatforms) = postSolution
		{8FA47586-1BF4-4FF8-B3FD-A1046707DBB4}.Debug|Any CPU.ActiveCfg = Debug|Any CPU
		{8FA47586-1BF4-4FF8-B3FD-A1046707DBB4}.Debug|Any CPU.Build.0 = Debug|Any CPU
		{8FA47586-1BF4-4FF8-B3FD-A1046707DBB4}.Release|Any CPU.ActiveCfg = Release|Any CPU
		{8FA47586-1BF4-4FF8-B3FD-A1046707DBB4}.Release|Any CPU.Build.0 = Release|Any CPU
	EndGlobalSection
	GlobalSection(SolutionProperties) = preSolution
		HideSolutionNode = FALSE
	EndGlobalSection
	GlobalSection(ExtensibilityGlobals) = postSolution
		SolutionGuid = {2FF05C8C-43DB-44FC-8F5F-599DE2A8487C}
	EndGlobalSection
EndGlobal
